
Microsoft Visual Studio Solution File, Format Version 12.00
# Visual Studio 2013
VisualStudioVersion = 12.0.30501.0
MinimumVisualStudioVersion = 10.0.40219.1
Project("{8BC9CEB8-8B4A-11D0-8D11-00A0C91BC942}") = "New ElectrEm", "ElectrEm.vcxproj", "{55D66A8D-EE13-47A0-A58A-A8BDA78145E4}"
EndProject
Global
	GlobalSection(SolutionConfigurationPlatforms) = preSolution
		Debug|Win32 = Debug|Win32
		Release|Win32 = Release|Win32
		Template|Win32 = Template|Win32
	EndGlobalSection
	GlobalSection(ProjectConfigurationPlatforms) = postSolution
		{55D66A8D-EE13-47A0-A58A-A8BDA78145E4}.Debug|Win32.ActiveCfg = Debug|Win32
		{55D66A8D-EE13-47A0-A58A-A8BDA78145E4}.Debug|Win32.Build.0 = Debug|Win32
		{55D66A8D-EE13-47A0-A58A-A8BDA78145E4}.Release|Win32.ActiveCfg = Release|Win32
		{55D66A8D-EE13-47A0-A58A-A8BDA78145E4}.Release|Win32.Build.0 = Release|Win32
		{55D66A8D-EE13-47A0-A58A-A8BDA78145E4}.Template|Win32.ActiveCfg = Template|Win32
		{55D66A8D-EE13-47A0-A58A-A8BDA78145E4}.Template|Win32.Build.0 = Template|Win32
	EndGlobalSection
	GlobalSection(SolutionProperties) = preSolution
		HideSolutionNode = FALSE
	EndGlobalSection
EndGlobal
